// !$*UTF8*$!
{
	archiveVersion = 1;
	classes = {
	};
	objectVersion = 46;
	objects = {

/* Begin PBXBuildFile section */
		87443CDB1BE10B5700EC70F2 /* main.m in Sources */ = {isa = PBXBuildFile; fileRef = 87443CDA1BE10B5700EC70F2 /* main.m */; };
		87443CDE1BE10B5700EC70F2 /* AppDelegate.m in Sources */ = {isa = PBXBuildFile; fileRef = 87443CDD1BE10B5700EC70F2 /* AppDelegate.m */; };
		87443CE41BE10B5700EC70F2 /* Main.storyboard in Resources */ = {isa = PBXBuildFile; fileRef = 87443CE21BE10B5700EC70F2 /* Main.storyboard */; };
		87443CE61BE10B5700EC70F2 /* Assets.xcassets in Resources */ = {isa = PBXBuildFile; fileRef = 87443CE51BE10B5700EC70F2 /* Assets.xcassets */; };
		87443CE91BE10B5700EC70F2 /* LaunchScreen.storyboard in Resources */ = {isa = PBXBuildFile; fileRef = 87443CE71BE10B5700EC70F2 /* LaunchScreen.storyboard */; };
		87443CF21BE11D5600EC70F2 /* VGCancelSegue.m in Sources */ = {isa = PBXBuildFile; fileRef = 87443CF11BE11D5600EC70F2 /* VGCancelSegue.m */; };
		87443CF71BE11DDC00EC70F2 /* VGTableViewController.m in Sources */ = {isa = PBXBuildFile; fileRef = 87443CF61BE11DDC00EC70F2 /* VGTableViewController.m */; };
		87443D051BE1285000EC70F2 /* VGSettingsViewController.m in Sources */ = {isa = PBXBuildFile; fileRef = 87443D041BE1285000EC70F2 /* VGSettingsViewController.m */; };
		87443D081BE1288600EC70F2 /* VGDetailViewController.m in Sources */ = {isa = PBXBuildFile; fileRef = 87443D071BE1288600EC70F2 /* VGDetailViewController.m */; };
		87443D0B1BE128B400EC70F2 /* VGCreateViewController.m in Sources */ = {isa = PBXBuildFile; fileRef = 87443D0A1BE128B400EC70F2 /* VGCreateViewController.m */; };
		87443D0F1BE1525200EC70F2 /* VGCustomCell.m in Sources */ = {isa = PBXBuildFile; fileRef = 87443D0E1BE1525100EC70F2 /* VGCustomCell.m */; };
		87443D131BE265BA00EC70F2 /* VGPerson.m in Sources */ = {isa = PBXBuildFile; fileRef = 87443D121BE265BA00EC70F2 /* VGPerson.m */; };
/* End PBXBuildFile section */

/* Begin PBXFileReference section */
		87443CD61BE10B5700EC70F2 /* PhoneBook.app */ = {isa = PBXFileReference; explicitFileType = wrapper.application; includeInIndex = 0; path = PhoneBook.app; sourceTree = BUILT_PRODUCTS_DIR; };
		87443CDA1BE10B5700EC70F2 /* main.m */ = {isa = PBXFileReference; lastKnownFileType = sourcecode.c.objc; path = main.m; sourceTree = "<group>"; };
		87443CDC1BE10B5700EC70F2 /* AppDelegate.h */ = {isa = PBXFileReference; lastKnownFileType = sourcecode.c.h; path = AppDelegate.h; sourceTree = "<group>"; };
		87443CDD1BE10B5700EC70F2 /* AppDelegate.m */ = {isa = PBXFileReference; lastKnownFileType = sourcecode.c.objc; path = AppDelegate.m; sourceTree = "<group>"; };
		87443CE31BE10B5700EC70F2 /* Base */ = {isa = PBXFileReference; lastKnownFileType = file.storyboard; name = Base; path = Base.lproj/Main.storyboard; sourceTree = "<group>"; };
		87443CE51BE10B5700EC70F2 /* Assets.xcassets */ = {isa = PBXFileReference; lastKnownFileType = folder.assetcatalog; path = Assets.xcassets; sourceTree = "<group>"; };
		87443CE81BE10B5700EC70F2 /* Base */ = {isa = PBXFileReference; lastKnownFileType = file.storyboard; name = Base; path = Base.lproj/LaunchScreen.storyboard; sourceTree = "<group>"; };
		87443CEA1BE10B5700EC70F2 /* Info.plist */ = {isa = PBXFileReference; lastKnownFileType = text.plist.xml; path = Info.plist; sourceTree = "<group>"; };
		87443CF01BE11D5600EC70F2 /* VGCancelSegue.h */ = {isa = PBXFileReference; fileEncoding = 4; lastKnownFileType = sourcecode.c.h; name = VGCancelSegue.h; path = Segues/VGCancelSegue.h; sourceTree = "<group>"; };
		87443CF11BE11D5600EC70F2 /* VGCancelSegue.m */ = {isa = PBXFileReference; fileEncoding = 4; lastKnownFileType = sourcecode.c.objc; name = VGCancelSegue.m; path = Segues/VGCancelSegue.m; sourceTree = "<group>"; };
		87443CF51BE11DDC00EC70F2 /* VGTableViewController.h */ = {isa = PBXFileReference; fileEncoding = 4; lastKnownFileType = sourcecode.c.h; name = VGTableViewController.h; path = ViewControllers/TableViewController/VGTableViewController.h; sourceTree = "<group>"; };
		87443CF61BE11DDC00EC70F2 /* VGTableViewController.m */ = {isa = PBXFileReference; fileEncoding = 4; lastKnownFileType = sourcecode.c.objc; name = VGTableViewController.m; path = ViewControllers/TableViewController/VGTableViewController.m; sourceTree = "<group>"; };
		87443D031BE1285000EC70F2 /* VGSettingsViewController.h */ = {isa = PBXFileReference; fileEncoding = 4; lastKnownFileType = sourcecode.c.h; name = VGSettingsViewController.h; path = ViewControllers/SettingsViewController/VGSettingsViewController.h; sourceTree = "<group>"; };
		87443D041BE1285000EC70F2 /* VGSettingsViewController.m */ = {isa = PBXFileReference; fileEncoding = 4; lastKnownFileType = sourcecode.c.objc; name = VGSettingsViewController.m; path = ViewControllers/SettingsViewController/VGSettingsViewController.m; sourceTree = "<group>"; };
		87443D061BE1288600EC70F2 /* VGDetailViewController.h */ = {isa = PBXFileReference; fileEncoding = 4; lastKnownFileType = sourcecode.c.h; name = VGDetailViewController.h; path = ViewControllers/DetailViewController/VGDetailViewController.h; sourceTree = "<group>"; };
		87443D071BE1288600EC70F2 /* VGDetailViewController.m */ = {isa = PBXFileReference; fileEncoding = 4; lastKnownFileType = sourcecode.c.objc; name = VGDetailViewController.m; path = ViewControllers/DetailViewController/VGDetailViewController.m; sourceTree = "<group>"; };
		87443D091BE128B400EC70F2 /* VGCreateViewController.h */ = {isa = PBXFileReference; fileEncoding = 4; lastKnownFileType = sourcecode.c.h; name = VGCreateViewController.h; path = ViewControllers/CreateViewController/VGCreateViewController.h; sourceTree = "<group>"; };
		87443D0A1BE128B400EC70F2 /* VGCreateViewController.m */ = {isa = PBXFileReference; fileEncoding = 4; lastKnownFileType = sourcecode.c.objc; name = VGCreateViewController.m; path = ViewControllers/CreateViewController/VGCreateViewController.m; sourceTree = "<group>"; };
		87443D0D1BE1525100EC70F2 /* VGCustomCell.h */ = {isa = PBXFileReference; fileEncoding = 4; lastKnownFileType = sourcecode.c.h; name = VGCustomCell.h; path = Cells/VGCustomCell.h; sourceTree = "<group>"; };
		87443D0E1BE1525100EC70F2 /* VGCustomCell.m */ = {isa = PBXFileReference; fileEncoding = 4; lastKnownFileType = sourcecode.c.objc; name = VGCustomCell.m; path = Cells/VGCustomCell.m; sourceTree = "<group>"; };
		87443D111BE265BA00EC70F2 /* VGPerson.h */ = {isa = PBXFileReference; fileEncoding = 4; lastKnownFileType = sourcecode.c.h; name = VGPerson.h; path = Model/VGPerson.h; sourceTree = "<group>"; };
		87443D121BE265BA00EC70F2 /* VGPerson.m */ = {isa = PBXFileReference; fileEncoding = 4; lastKnownFileType = sourcecode.c.objc; name = VGPerson.m; path = Model/VGPerson.m; sourceTree = "<group>"; };
/* End PBXFileReference section */

/* Begin PBXFrameworksBuildPhase section */
		87443CD31BE10B5600EC70F2 /* Frameworks */ = {
			isa = PBXFrameworksBuildPhase;
			buildActionMask = 2147483647;
			files = (
			);
			runOnlyForDeploymentPostprocessing = 0;
		};
/* End PBXFrameworksBuildPhase section */

/* Begin PBXGroup section */
		87443CCD1BE10B5600EC70F2 = {
			isa = PBXGroup;
			children = (
				87443CD81BE10B5700EC70F2 /* PhoneBook */,
				87443CD71BE10B5700EC70F2 /* Products */,
			);
			sourceTree = "<group>";
		};
		87443CD71BE10B5700EC70F2 /* Products */ = {
			isa = PBXGroup;
			children = (
				87443CD61BE10B5700EC70F2 /* PhoneBook.app */,
			);
			name = Products;
			sourceTree = "<group>";
		};
		87443CD81BE10B5700EC70F2 /* PhoneBook */ = {
			isa = PBXGroup;
			children = (
				87443D141BE265C100EC70F2 /* Model */,
				87443D101BE1525700EC70F2 /* CustomCell */,
				87443CFD1BE1272500EC70F2 /* ViewControllers */,
				87443CFE1BE1274E00EC70F2 /* StoryBoards */,
				87443CEA1BE10B5700EC70F2 /* Info.plist */,
				87443CF31BE11D5C00EC70F2 /* Segue */,
				87443CF41BE11D6800EC70F2 /* AppDelegate */,
				87443CD91BE10B5700EC70F2 /* Supporting Files */,
			);
			path = PhoneBook;
			sourceTree = "<group>";
		};
		87443CD91BE10B5700EC70F2 /* Supporting Files */ = {
			isa = PBXGroup;
			children = (
				87443CE51BE10B5700EC70F2 /* Assets.xcassets */,
				87443CDA1BE10B5700EC70F2 /* main.m */,
			);
			name = "Supporting Files";
			sourceTree = "<group>";
		};
		87443CF31BE11D5C00EC70F2 /* Segue */ = {
			isa = PBXGroup;
			children = (
				87443CF01BE11D5600EC70F2 /* VGCancelSegue.h */,
				87443CF11BE11D5600EC70F2 /* VGCancelSegue.m */,
			);
			name = Segue;
			sourceTree = "<group>";
		};
		87443CF41BE11D6800EC70F2 /* AppDelegate */ = {
			isa = PBXGroup;
			children = (
				87443CDC1BE10B5700EC70F2 /* AppDelegate.h */,
				87443CDD1BE10B5700EC70F2 /* AppDelegate.m */,
			);
			name = AppDelegate;
			sourceTree = "<group>";
		};
		87443CF81BE11DE200EC70F2 /* PhoheBookTableViewController */ = {
			isa = PBXGroup;
			children = (
				87443CF51BE11DDC00EC70F2 /* VGTableViewController.h */,
				87443CF61BE11DDC00EC70F2 /* VGTableViewController.m */,
			);
			name = PhoheBookTableViewController;
			sourceTree = "<group>";
		};
		87443CFC1BE1271000EC70F2 /* DetailViewController */ = {
			isa = PBXGroup;
			children = (
				87443D061BE1288600EC70F2 /* VGDetailViewController.h */,
				87443D071BE1288600EC70F2 /* VGDetailViewController.m */,
			);
			name = DetailViewController;
			sourceTree = "<group>";
		};
		87443CFD1BE1272500EC70F2 /* ViewControllers */ = {
			isa = PBXGroup;
			children = (
				87443D021BE127B600EC70F2 /* SettingsViewController */,
				87443CF81BE11DE200EC70F2 /* PhoheBookTableViewController */,
				87443CFC1BE1271000EC70F2 /* DetailViewController */,
				87443D0C1BE128B900EC70F2 /* CreateViewController */,
			);
			name = ViewControllers;
			sourceTree = "<group>";
		};
		87443CFE1BE1274E00EC70F2 /* StoryBoards */ = {
			isa = PBXGroup;
			children = (
				87443CE21BE10B5700EC70F2 /* Main.storyboard */,
				87443CE71BE10B5700EC70F2 /* LaunchScreen.storyboard */,
			);
			name = StoryBoards;
			sourceTree = "<group>";
		};
		87443D021BE127B600EC70F2 /* SettingsViewController */ = {
			isa = PBXGroup;
			children = (
				87443D031BE1285000EC70F2 /* VGSettingsViewController.h */,
				87443D041BE1285000EC70F2 /* VGSettingsViewController.m */,
			);
			name = SettingsViewController;
			sourceTree = "<group>";
		};
		87443D0C1BE128B900EC70F2 /* CreateViewController */ = {
			isa = PBXGroup;
			children = (
				87443D091BE128B400EC70F2 /* VGCreateViewController.h */,
				87443D0A1BE128B400EC70F2 /* VGCreateViewController.m */,
			);
			name = CreateViewController;
			sourceTree = "<group>";
		};
		87443D101BE1525700EC70F2 /* CustomCell */ = {
			isa = PBXGroup;
			children = (
				87443D0D1BE1525100EC70F2 /* VGCustomCell.h */,
				87443D0E1BE1525100EC70F2 /* VGCustomCell.m */,
			);
			name = CustomCell;
			sourceTree = "<group>";
		};
		87443D141BE265C100EC70F2 /* Model */ = {
			isa = PBXGroup;
			children = (
				87443D111BE265BA00EC70F2 /* VGPerson.h */,
				87443D121BE265BA00EC70F2 /* VGPerson.m */,
			);
			name = Model;
			sourceTree = "<group>";
		};
/* End PBXGroup section */

/* Begin PBXNativeTarget section */
		87443CD51BE10B5600EC70F2 /* PhoneBook */ = {
			isa = PBXNativeTarget;
			buildConfigurationList = 87443CED1BE10B5700EC70F2 /* Build configuration list for PBXNativeTarget "PhoneBook" */;
			buildPhases = (
				87443CD21BE10B5600EC70F2 /* Sources */,
				87443CD31BE10B5600EC70F2 /* Frameworks */,
				87443CD41BE10B5600EC70F2 /* Resources */,
			);
			buildRules = (
			);
			dependencies = (
			);
			name = PhoneBook;
			productName = PhoneBook;
			productReference = 87443CD61BE10B5700EC70F2 /* PhoneBook.app */;
			productType = "com.apple.product-type.application";
		};
/* End PBXNativeTarget section */

/* Begin PBXProject section */
		87443CCE1BE10B5600EC70F2 /* Project object */ = {
			isa = PBXProject;
			attributes = {
				CLASSPREFIX = VG;
				LastUpgradeCheck = 0710;
				ORGANIZATIONNAME = Vlad;
				TargetAttributes = {
					87443CD51BE10B5600EC70F2 = {
						CreatedOnToolsVersion = 7.1;
						DevelopmentTeam = 38RMNWSM28;
					};
				};
			};
			buildConfigurationList = 87443CD11BE10B5600EC70F2 /* Build configuration list for PBXProject "PhoneBook" */;
			compatibilityVersion = "Xcode 3.2";
			developmentRegion = English;
			hasScannedForEncodings = 0;
			knownRegions = (
				en,
				Base,
			);
			mainGroup = 87443CCD1BE10B5600EC70F2;
			productRefGroup = 87443CD71BE10B5700EC70F2 /* Products */;
			projectDirPath = "";
			projectRoot = "";
			targets = (
				87443CD51BE10B5600EC70F2 /* PhoneBook */,
			);
		};
/* End PBXProject section */

/* Begin PBXResourcesBuildPhase section */
		87443CD41BE10B5600EC70F2 /* Resources */ = {
			isa = PBXResourcesBuildPhase;
			buildActionMask = 2147483647;
			files = (
				87443CE91BE10B5700EC70F2 /* LaunchScreen.storyboard in Resources */,
				87443CE61BE10B5700EC70F2 /* Assets.xcassets in Resources */,
				87443CE41BE10B5700EC70F2 /* Main.storyboard in Resources */,
			);
			runOnlyForDeploymentPostprocessing = 0;
		};
/* End PBXResourcesBuildPhase section */

/* Begin PBXSourcesBuildPhase section */
		87443CD21BE10B5600EC70F2 /* Sources */ = {
			isa = PBXSourcesBuildPhase;
			buildActionMask = 2147483647;
			files = (
				87443D081BE1288600EC70F2 /* VGDetailViewController.m in Sources */,
				87443D0F1BE1525200EC70F2 /* VGCustomCell.m in Sources */,
				87443CDE1BE10B5700EC70F2 /* AppDelegate.m in Sources */,
				87443CF21BE11D5600EC70F2 /* VGCancelSegue.m in Sources */,
				87443D0B1BE128B400EC70F2 /* VGCreateViewController.m in Sources */,
				87443CF71BE11DDC00EC70F2 /* VGTableViewController.m in Sources */,
				87443D051BE1285000EC70F2 /* VGSettingsViewController.m in Sources */,
				87443D131BE265BA00EC70F2 /* VGPerson.m in Sources */,
				87443CDB1BE10B5700EC70F2 /* main.m in Sources */,
			);
			runOnlyForDeploymentPostprocessing = 0;
		};
/* End PBXSourcesBuildPhase section */

/* Begin PBXVariantGroup section */
		87443CE21BE10B5700EC70F2 /* Main.storyboard */ = {
			isa = PBXVariantGroup;
			children = (
				87443CE31BE10B5700EC70F2 /* Base */,
			);
			name = Main.storyboard;
			sourceTree = "<group>";
		};
		87443CE71BE10B5700EC70F2 /* LaunchScreen.storyboard */ = {
			isa = PBXVariantGroup;
			children = (
				87443CE81BE10B5700EC70F2 /* Base */,
			);
			name = LaunchScreen.storyboard;
			sourceTree = "<group>";
		};
/* End PBXVariantGroup section */

/* Begin XCBuildConfiguration section */
		87443CEB1BE10B5700EC70F2 /* Debug */ = {
			isa = XCBuildConfiguration;
			buildSettings = {
				ALWAYS_SEARCH_USER_PATHS = NO;
				CLANG_CXX_LANGUAGE_STANDARD = "gnu++0x";
				CLANG_CXX_LIBRARY = "libc++";
				CLANG_ENABLE_MODULES = YES;
				CLANG_ENABLE_OBJC_ARC = YES;
				CLANG_WARN_BOOL_CONVERSION = YES;
				CLANG_WARN_CONSTANT_CONVERSION = YES;
				CLANG_WARN_DIRECT_OBJC_ISA_USAGE = YES_ERROR;
				CLANG_WARN_EMPTY_BODY = YES;
				CLANG_WARN_ENUM_CONVERSION = YES;
				CLANG_WARN_INT_CONVERSION = YES;
				CLANG_WARN_OBJC_ROOT_CLASS = YES_ERROR;
				CLANG_WARN_UNREACHABLE_CODE = YES;
				CLANG_WARN__DUPLICATE_METHOD_MATCH = YES;
				"CODE_SIGN_IDENTITY[sdk=iphoneos*]" = "iPhone Developer";
				COPY_PHASE_STRIP = NO;
				DEBUG_INFORMATION_FORMAT = dwarf;
				ENABLE_STRICT_OBJC_MSGSEND = YES;
				ENABLE_TESTABILITY = YES;
				GCC_C_LANGUAGE_STANDARD = gnu99;
				GCC_DYNAMIC_NO_PIC = NO;
				GCC_NO_COMMON_BLOCKS = YES;
				GCC_OPTIMIZATION_LEVEL = 0;
				GCC_PREPROCESSOR_DEFINITIONS = (
					"DEBUG=1",
					"$(inherited)",
				);
				GCC_WARN_64_TO_32_BIT_CONVERSION = YES;
				GCC_WARN_ABOUT_RETURN_TYPE = YES_ERROR;
				GCC_WARN_UNDECLARED_SELECTOR = YES;
				GCC_WARN_UNINITIALIZED_AUTOS = YES_AGGRESSIVE;
				GCC_WARN_UNUSED_FUNCTION = YES;
				GCC_WARN_UNUSED_VARIABLE = YES;
				IPHONEOS_DEPLOYMENT_TARGET = 9.1;
				MTL_ENABLE_DEBUG_INFO = YES;
				ONLY_ACTIVE_ARCH = YES;
				SDKROOT = iphoneos;
			};
			name = Debug;
		};
		87443CEC1BE10B5700EC70F2 /* Release */ = {
			isa = XCBuildConfiguration;
			buildSettings = {
				ALWAYS_SEARCH_USER_PATHS = NO;
				CLANG_CXX_LANGUAGE_STANDARD = "gnu++0x";
				CLANG_CXX_LIBRARY = "libc++";
				CLANG_ENABLE_MODULES = YES;
				CLANG_ENABLE_OBJC_ARC = YES;
				CLANG_WARN_BOOL_CONVERSION = YES;
				CLANG_WARN_CONSTANT_CONVERSION = YES;
				CLANG_WARN_DIRECT_OBJC_ISA_USAGE = YES_ERROR;
				CLANG_WARN_EMPTY_BODY = YES;
				CLANG_WARN_ENUM_CONVERSION = YES;
				CLANG_WARN_INT_CONVERSION = YES;
				CLANG_WARN_OBJC_ROOT_CLASS = YES_ERROR;
				CLANG_WARN_UNREACHABLE_CODE = YES;
				CLANG_WARN__DUPLICATE_METHOD_MATCH = YES;
				"CODE_SIGN_IDENTITY[sdk=iphoneos*]" = "iPhone Developer";
				COPY_PHASE_STRIP = NO;
				DEBUG_INFORMATION_FORMAT = "dwarf-with-dsym";
				ENABLE_NS_ASSERTIONS = NO;
				ENABLE_STRICT_OBJC_MSGSEND = YES;
				GCC_C_LANGUAGE_STANDARD = gnu99;
				GCC_NO_COMMON_BLOCKS = YES;
				GCC_WARN_64_TO_32_BIT_CONVERSION = YES;
				GCC_WARN_ABOUT_RETURN_TYPE = YES_ERROR;
				GCC_WARN_UNDECLARED_SELECTOR = YES;
				GCC_WARN_UNINITIALIZED_AUTOS = YES_AGGRESSIVE;
				GCC_WARN_UNUSED_FUNCTION = YES;
				GCC_WARN_UNUSED_VARIABLE = YES;
				IPHONEOS_DEPLOYMENT_TARGET = 9.1;
				MTL_ENABLE_DEBUG_INFO = NO;
				SDKROOT = iphoneos;
				VALIDATE_PRODUCT = YES;
			};
			name = Release;
		};
		87443CEE1BE10B5700EC70F2 /* Debug */ = {
			isa = XCBuildConfiguration;
			buildSettings = {
				ASSETCATALOG_COMPILER_APPICON_NAME = AppIcon;
				INFOPLIST_FILE = PhoneBook/Info.plist;
				LD_RUNPATH_SEARCH_PATHS = "$(inherited) @executable_path/Frameworks";
				PRODUCT_BUNDLE_IDENTIFIER = VG.PhoneBook;
				PRODUCT_NAME = "$(TARGET_NAME)";
			};
			name = Debug;
		};
		87443CEF1BE10B5700EC70F2 /* Release */ = {
			isa = XCBuildConfiguration;
			buildSettings = {
				ASSETCATALOG_COMPILER_APPICON_NAME = AppIcon;
				INFOPLIST_FILE = PhoneBook/Info.plist;
				LD_RUNPATH_SEARCH_PATHS = "$(inherited) @executable_path/Frameworks";
				PRODUCT_BUNDLE_IDENTIFIER = VG.PhoneBook;
				PRODUCT_NAME = "$(TARGET_NAME)";
			};
			name = Release;
		};
/* End XCBuildConfiguration section */

/* Begin XCConfigurationList section */
		87443CD11BE10B5600EC70F2 /* Build configuration list for PBXProject "PhoneBook" */ = {
			isa = XCConfigurationList;
			buildConfigurations = (
				87443CEB1BE10B5700EC70F2 /* Debug */,
				87443CEC1BE10B5700EC70F2 /* Release */,
			);
			defaultConfigurationIsVisible = 0;
			defaultConfigurationName = Release;
		};
		87443CED1BE10B5700EC70F2 /* Build configuration list for PBXNativeTarget "PhoneBook" */ = {
			isa = XCConfigurationList;
			buildConfigurations = (
				87443CEE1BE10B5700EC70F2 /* Debug */,
				87443CEF1BE10B5700EC70F2 /* Release */,
			);
			defaultConfigurationIsVisible = 0;
			defaultConfigurationName = Release;
		};
/* End XCConfigurationList section */
	};
	rootObject = 87443CCE1BE10B5600EC70F2 /* Project object */;
}
